
Microsoft Visual Studio Solution File, Format Version 12.00
# Visual Studio 15
VisualStudioVersion = 15.0.28307.1082
MinimumVisualStudioVersion = 10.0.40219.1
Project("{FAE04EC0-301F-11D3-BF4B-00C04F79EFBC}") = "MVC_RadioButton_Demo", "MVC_RadioButton_Demo\MVC_RadioButton_Demo.csproj", "{97594262-B374-4A6E-8709-F8DA77DF0619}"
EndProject
Global
	GlobalSection(SolutionConfigurationPlatforms) = preSolution
		Debug|Any CPU = Debug|Any CPU
		Release|Any CPU = Release|Any CPU
	EndGlobalSection
	GlobalSection(ProjectConfigurationPlatforms) = postSolution
		{97594262-B374-4A6E-8709-F8DA77DF0619}.Debug|Any CPU.ActiveCfg = Debug|Any CPU
		{97594262-B374-4A6E-8709-F8DA77DF0619}.Debug|Any CPU.Build.0 = Debug|Any CPU
		{97594262-B374-4A6E-8709-F8DA77DF0619}.Release|Any CPU.ActiveCfg = Release|Any CPU
		{97594262-B374-4A6E-8709-F8DA77DF0619}.Release|Any CPU.Build.0 = Release|Any CPU
	EndGlobalSection
	GlobalSection(SolutionProperties) = preSolution
		HideSolutionNode = FALSE
	EndGlobalSection
	GlobalSection(ExtensibilityGlobals) = postSolution
		SolutionGuid = {F6F469D7-708A-4232-A5B5-3121ED4617DE}
	EndGlobalSection
EndGlobal
